# THIS IS AN AUTOGENERATED FILE. DO NOT EDIT THIS FILE DIRECTLY.
# yarn lockfile v1


"@types/jest@^27.4.1":
  "integrity" "sha512-23iPJADSmicDVrWk+HT58LMJtzLAnB2AgIzplQuq/bSrGaxCrlvRFjGbXmamnnk/mAmCdLStiGqggu28ocUyiw=="
  "resolved" "https://registry.npmjs.org/@types/jest/-/jest-27.4.1.tgz"
  "version" "27.4.1"
  dependencies:
    "jest-matcher-utils" "^27.0.0"
    "pretty-format" "^27.0.0"

"ansi-regex@^5.0.1":
  "integrity" "sha512-quJQXlTSUGL2LH9SUXo8VwsY4soanhgo6LNSm84E1LBcE8s3O0wpdiRzyR9z/ZZJMlMWv37qOOb9pdJlMUEKFQ=="
  "resolved" "https://registry.npmjs.org/ansi-regex/-/ansi-regex-5.0.1.tgz"
  "version" "5.0.1"

"ansi-styles@^4.1.0":
  "integrity" "sha512-zbB9rCJAT1rbjiVDb2hqKFHNYLxgtk8NURxZ3IZwD3F6NtxbXZQCnnSi1Lkx+IDohdPlFp222wVALIheZJQSEg=="
  "resolved" "https://registry.npmjs.org/ansi-styles/-/ansi-styles-4.3.0.tgz"
  "version" "4.3.0"
  dependencies:
    "color-convert" "^2.0.1"

"ansi-styles@^5.0.0":
  "integrity" "sha512-Cxwpt2SfTzTtXcfOlzGEee8O+c+MmUgGrNiBcXnuWxuFJHe6a5Hz7qwhwe5OgaSYI0IJvkLqWX1ASG+cJOkEiA=="
  "resolved" "https://registry.npmjs.org/ansi-styles/-/ansi-styles-5.2.0.tgz"
  "version" "5.2.0"

"chalk@^4.0.0":
  "integrity" "sha512-oKnbhFyRIXpUuez8iBMmyEa4nbj4IOQyuhc/wy9kY7/WVPcwIO9VA668Pu8RkO7+0G76SLROeyw9CpQ061i4mA=="
  "resolved" "https://registry.npmjs.org/chalk/-/chalk-4.1.2.tgz"
  "version" "4.1.2"
  dependencies:
    "ansi-styles" "^4.1.0"
    "supports-color" "^7.1.0"

"color-convert@^2.0.1":
  "integrity" "sha512-RRECPsj7iu/xb5oKYcsFHSppFNnsj/52OVTRKb4zP5onXwVF3zVmmToNcOfGC+CRDpfK/U584fMg38ZHCaElKQ=="
  "resolved" "https://registry.npmjs.org/color-convert/-/color-convert-2.0.1.tgz"
  "version" "2.0.1"
  dependencies:
    "color-name" "~1.1.4"

"color-name@~1.1.4":
  "integrity" "sha512-dOy+3AuW3a2wNbZHIuMZpTcgjGuLU/uBL/ubcZF9OXbDo8ff4O8yVp5Bf0efS8uEoYo5q4Fx7dY9OgQGXgAsQA=="
  "resolved" "https://registry.npmjs.org/color-name/-/color-name-1.1.4.tgz"
  "version" "1.1.4"

"diff-sequences@^27.5.1":
  "integrity" "sha512-k1gCAXAsNgLwEL+Y8Wvl+M6oEFj5bgazfZULpS5CneoPPXRaCCW7dm+q21Ky2VEE5X+VeRDBVg1Pcvvsr4TtNQ=="
  "resolved" "https://registry.npmjs.org/diff-sequences/-/diff-sequences-27.5.1.tgz"
  "version" "27.5.1"

"has-flag@^4.0.0":
  "integrity" "sha512-EykJT/Q1KjTWctppgIAgfSO0tKVuZUjhgMr17kqTumMl6Afv3EISleU7qZUzoXDFTAHTDC4NOoG/ZxU3EvlMPQ=="
  "resolved" "https://registry.npmjs.org/has-flag/-/has-flag-4.0.0.tgz"
  "version" "4.0.0"

"jest-diff@^27.5.1":
  "integrity" "sha512-m0NvkX55LDt9T4mctTEgnZk3fmEg3NRYutvMPWM/0iPnkFj2wIeF45O1718cMSOFO1vINkqmxqD8vE37uTEbqw=="
  "resolved" "https://registry.npmjs.org/jest-diff/-/jest-diff-27.5.1.tgz"
  "version" "27.5.1"
  dependencies:
    "chalk" "^4.0.0"
    "diff-sequences" "^27.5.1"
    "jest-get-type" "^27.5.1"
    "pretty-format" "^27.5.1"

"jest-get-type@^27.5.1":
  "integrity" "sha512-2KY95ksYSaK7DMBWQn6dQz3kqAf3BB64y2udeG+hv4KfSOb9qwcYQstTJc1KCbsix+wLZWZYN8t7nwX3GOBLRw=="
  "resolved" "https://registry.npmjs.org/jest-get-type/-/jest-get-type-27.5.1.tgz"
  "version" "27.5.1"

"jest-matcher-utils@^27.0.0":
  "integrity" "sha512-z2uTx/T6LBaCoNWNFWwChLBKYxTMcGBRjAt+2SbP929/Fflb9aa5LGma654Rz8z9HLxsrUaYzxE9T/EFIL/PAw=="
  "resolved" "https://registry.npmjs.org/jest-matcher-utils/-/jest-matcher-utils-27.5.1.tgz"
  "version" "27.5.1"
  dependencies:
    "chalk" "^4.0.0"
    "jest-diff" "^27.5.1"
    "jest-get-type" "^27.5.1"
    "pretty-format" "^27.5.1"

"pretty-format@^27.0.0", "pretty-format@^27.5.1":
  "integrity" "sha512-Qb1gy5OrP5+zDf2Bvnzdl3jsTf1qXVMazbvCoKhtKqVs4/YK4ozX4gKQJJVyNe+cajNPn0KoC0MC3FUmaHWEmQ=="
  "resolved" "https://registry.npmjs.org/pretty-format/-/pretty-format-27.5.1.tgz"
  "version" "27.5.1"
  dependencies:
    "ansi-regex" "^5.0.1"
    "ansi-styles" "^5.0.0"
    "react-is" "^17.0.1"

"react-is@^17.0.1":
  "integrity" "sha512-w2GsyukL62IJnlaff/nRegPQR94C/XXamvMWmSHRJ4y7Ts/4ocGRmTHvOs8PSE6pB3dWOrD/nueuU5sduBsQ4w=="
  "resolved" "https://registry.npmjs.org/react-is/-/react-is-17.0.2.tgz"
  "version" "17.0.2"

"supports-color@^7.1.0":
  "integrity" "sha512-qpCAvRl9stuOHveKsn7HncJRvv501qIacKzQlO/+Lwxc9+0q2wLyv4Dfvt80/DPn2pqOBsJdDiogXGR9+OvwRw=="
  "resolved" "https://registry.npmjs.org/supports-color/-/supports-color-7.2.0.tgz"
  "version" "7.2.0"
  dependencies:
    "has-flag" "^4.0.0"

"typescript@^4.5.5":
  "integrity" "sha512-TCTIul70LyWe6IJWT8QSYeA54WQe8EjQFU4wY52Fasj5UKx88LNYKCgBEHcOMOrFF1rKGbD8v/xcNWVUq9SymA=="
  "resolved" "https://registry.npmjs.org/typescript/-/typescript-4.5.5.tgz"
  "version" "4.5.5"
